
Microsoft Visual Studio Solution File, Format Version 12.00
# Visual Studio Version 16
VisualStudioVersion = 16.0.29424.173
MinimumVisualStudioVersion = 10.0.40219.1
Project("{FAE04EC0-301F-11D3-BF4B-00C04F79EFBC}") = "Islands.Domain", "Domain\Islands.Domain.csproj", "{571892B3-6B2E-435F-9932-41FCDBF7A238}"
EndProject
Project("{FAE04EC0-301F-11D3-BF4B-00C04F79EFBC}") = "Islands.Parsing", "Parsing\Islands.Parsing.csproj", "{DADC9881-AF9C-4DAA-8406-5380D0335AB9}"
EndProject
Project("{FAE04EC0-301F-11D3-BF4B-00C04F79EFBC}") = "Islands.WaterCalculation", "WaterCalulation\Islands.WaterCalculation.csproj", "{C3ABFC60-5528-44DD-9AB9-77226A19F4A0}"
EndProject
Project("{2150E333-8FDC-42A3-9474-1A3956D46DE8}") = "Tests", "Tests", "{56F9BC83-9ED9-47F4-94C3-5E9A54F3111F}"
EndProject
Project("{FAE04EC0-301F-11D3-BF4B-00C04F79EFBC}") = "Islands.WaterCalculation.Tests", "Tests\Islands.WaterCalculation.Tests\Islands.WaterCalculation.Tests.csproj", "{B84EFA3F-EF83-492F-826C-A66E3A66C2A7}"
EndProject
Global
	GlobalSection(SolutionConfigurationPlatforms) = preSolution
		Debug|Any CPU = Debug|Any CPU
		Release|Any CPU = Release|Any CPU
	EndGlobalSection
	GlobalSection(ProjectConfigurationPlatforms) = postSolution
		{571892B3-6B2E-435F-9932-41FCDBF7A238}.Debug|Any CPU.ActiveCfg = Debug|Any CPU
		{571892B3-6B2E-435F-9932-41FCDBF7A238}.Debug|Any CPU.Build.0 = Debug|Any CPU
		{571892B3-6B2E-435F-9932-41FCDBF7A238}.Release|Any CPU.ActiveCfg = Release|Any CPU
		{571892B3-6B2E-435F-9932-41FCDBF7A238}.Release|Any CPU.Build.0 = Release|Any CPU
		{DADC9881-AF9C-4DAA-8406-5380D0335AB9}.Debug|Any CPU.ActiveCfg = Debug|Any CPU
		{DADC9881-AF9C-4DAA-8406-5380D0335AB9}.Debug|Any CPU.Build.0 = Debug|Any CPU
		{DADC9881-AF9C-4DAA-8406-5380D0335AB9}.Release|Any CPU.ActiveCfg = Release|Any CPU
		{DADC9881-AF9C-4DAA-8406-5380D0335AB9}.Release|Any CPU.Build.0 = Release|Any CPU
		{C3ABFC60-5528-44DD-9AB9-77226A19F4A0}.Debug|Any CPU.ActiveCfg = Debug|Any CPU
		{C3ABFC60-5528-44DD-9AB9-77226A19F4A0}.Debug|Any CPU.Build.0 = Debug|Any CPU
		{C3ABFC60-5528-44DD-9AB9-77226A19F4A0}.Release|Any CPU.ActiveCfg = Release|Any CPU
		{C3ABFC60-5528-44DD-9AB9-77226A19F4A0}.Release|Any CPU.Build.0 = Release|Any CPU
		{B84EFA3F-EF83-492F-826C-A66E3A66C2A7}.Debug|Any CPU.ActiveCfg = Debug|Any CPU
		{B84EFA3F-EF83-492F-826C-A66E3A66C2A7}.Debug|Any CPU.Build.0 = Debug|Any CPU
		{B84EFA3F-EF83-492F-826C-A66E3A66C2A7}.Release|Any CPU.ActiveCfg = Release|Any CPU
		{B84EFA3F-EF83-492F-826C-A66E3A66C2A7}.Release|Any CPU.Build.0 = Release|Any CPU
	EndGlobalSection
	GlobalSection(SolutionProperties) = preSolution
		HideSolutionNode = FALSE
	EndGlobalSection
	GlobalSection(NestedProjects) = preSolution
		{B84EFA3F-EF83-492F-826C-A66E3A66C2A7} = {56F9BC83-9ED9-47F4-94C3-5E9A54F3111F}
	EndGlobalSection
	GlobalSection(ExtensibilityGlobals) = postSolution
		SolutionGuid = {18AEFF65-3165-4BD1-B65D-4F20984CF7BB}
	EndGlobalSection
EndGlobal
